
Microsoft Visual Studio Solution File, Format Version 12.00
# Visual Studio Version 16
VisualStudioVersion = 16.0.30320.27
MinimumVisualStudioVersion = 10.0.40219.1
Project("{FAE04EC0-301F-11D3-BF4B-00C04F79EFBC}") = "Vendas", "Vendas\Vendas.csproj", "{8A45A0BC-D39D-4ED6-8FF4-9B323E90AA42}"
EndProject
Global
	GlobalSection(SolutionConfigurationPlatforms) = preSolution
		Debug|Any CPU = Debug|Any CPU
		Release|Any CPU = Release|Any CPU
	EndGlobalSection
	GlobalSection(ProjectConfigurationPlatforms) = postSolution
		{8A45A0BC-D39D-4ED6-8FF4-9B323E90AA42}.Debug|Any CPU.ActiveCfg = Debug|Any CPU
		{8A45A0BC-D39D-4ED6-8FF4-9B323E90AA42}.Debug|Any CPU.Build.0 = Debug|Any CPU
		{8A45A0BC-D39D-4ED6-8FF4-9B323E90AA42}.Release|Any CPU.ActiveCfg = Release|Any CPU
		{8A45A0BC-D39D-4ED6-8FF4-9B323E90AA42}.Release|Any CPU.Build.0 = Release|Any CPU
	EndGlobalSection
	GlobalSection(SolutionProperties) = preSolution
		HideSolutionNode = FALSE
	EndGlobalSection
	GlobalSection(ExtensibilityGlobals) = postSolution
		SolutionGuid = {91024FC3-1D15-4901-87CB-98BF531A6361}
	EndGlobalSection
EndGlobal
